
Microsoft Visual Studio Solution File, Format Version 12.00
# Visual Studio Version 17
VisualStudioVersion = 17.2.32516.85
MinimumVisualStudioVersion = 10.0.40219.1
Project("{2150E333-8FDC-42A3-9474-1A3956D46DE8}") = "Catalog", "Catalog", "{88C93D6C-D977-4BF0-8D24-59108CE3E7F8}"
EndProject
Project("{2150E333-8FDC-42A3-9474-1A3956D46DE8}") = "src", "src", "{A73F1D88-B11F-4798-A0D3-815355D8B476}"
EndProject
Project("{9A19103F-16F7-4668-BE54-9A1E7A4F7556}") = "Catalog.API", "Catalog\src\Catalog.API\Catalog.API.csproj", "{CB418513-EE20-434B-9CE4-57502BC70D61}"
EndProject
Project("{2150E333-8FDC-42A3-9474-1A3956D46DE8}") = "Basket", "Basket", "{0196A749-70F4-4326-BC97-D120632086CD}"
EndProject
Project("{2150E333-8FDC-42A3-9474-1A3956D46DE8}") = "src", "src", "{4EA34BB5-A344-4149-B2EC-FB7537968968}"
EndProject
Project("{9A19103F-16F7-4668-BE54-9A1E7A4F7556}") = "Basket.API", "Basket\src\Basket.API\Basket.API.csproj", "{1E8FEFFC-DDFB-4CBF-BB73-9A3DB62BD735}"
EndProject
Project("{2150E333-8FDC-42A3-9474-1A3956D46DE8}") = "Discount", "Discount", "{563366AC-B7F0-4881-B235-29F1C1D96ADB}"
EndProject
Project("{2150E333-8FDC-42A3-9474-1A3956D46DE8}") = "src", "src", "{C7A735B7-F893-435A-9C74-8F0DA8BA3669}"
EndProject
Project("{9A19103F-16F7-4668-BE54-9A1E7A4F7556}") = "Discount.API", "Discount\src\Discount.API\Discount.API.csproj", "{B9F2047D-5E00-4529-9151-3C3F599E8A13}"
EndProject
Project("{E53339B2-1760-4266-BCC7-CA923CBCF16C}") = "docker-compose", "docker-compose.dcproj", "{FD9536DA-82F5-4414-918E-9AB832E0085E}"
EndProject
Project("{9A19103F-16F7-4668-BE54-9A1E7A4F7556}") = "Discount.Grpc", "Discount\src\Discount.Grpc\Discount.Grpc.csproj", "{7C4F4797-A561-4239-8A8C-0B3518FB8AD7}"
EndProject
Project("{2150E333-8FDC-42A3-9474-1A3956D46DE8}") = "Ordering", "Ordering", "{470B1BDD-3494-4D1E-8B00-9C7A0C2D421F}"
EndProject
Project("{9A19103F-16F7-4668-BE54-9A1E7A4F7556}") = "Ordering.API", "Ordering\Ordering.API\Ordering.API.csproj", "{129866F9-EF67-48CC-8B91-05E7534DFF5D}"
EndProject
Project("{9A19103F-16F7-4668-BE54-9A1E7A4F7556}") = "Ordering.Domain", "Ordering\Ordering.Domain\Ordering.Domain.csproj", "{555424F3-945A-486F-8DC3-646870E2AA47}"
EndProject
Project("{9A19103F-16F7-4668-BE54-9A1E7A4F7556}") = "Ordering.Application", "Ordering\Ordering.Application\Ordering.Application.csproj", "{C1C41F7E-987C-4EA8-BB77-6133E5EAB31D}"
EndProject
Project("{9A19103F-16F7-4668-BE54-9A1E7A4F7556}") = "Ordering.Infrastructure", "Ordering\Ordering.Infrastructure\Ordering.Infrastructure.csproj", "{2D0177F4-364D-4699-9B62-E2D67176AC88}"
EndProject
Project("{2150E333-8FDC-42A3-9474-1A3956D46DE8}") = "BuildingBlocks", "BuildingBlocks", "{78E37FE5-640E-4FDC-A09B-C3FE1EE897F9}"
EndProject
Project("{9A19103F-16F7-4668-BE54-9A1E7A4F7556}") = "EventBus.Messages", "BuildingBlocks\EventBus.Messages\EventBus.Messages.csproj", "{474635B1-3145-435D-9E61-A9E370BD39BF}"
EndProject
Project("{2150E333-8FDC-42A3-9474-1A3956D46DE8}") = "ApiGateways", "ApiGateways", "{C4A28C90-9C07-46F1-86D5-DB286E3B8098}"
EndProject
Project("{9A19103F-16F7-4668-BE54-9A1E7A4F7556}") = "OcelotApiGw", "ApiGateways\OcelotApiGw\OcelotApiGw.csproj", "{E11028E3-69D4-409D-AD16-24176CD77CE5}"
EndProject
Project("{9A19103F-16F7-4668-BE54-9A1E7A4F7556}") = "Shopping.Aggregator", "ApiGateways\Shopping.Aggregator\Shopping.Aggregator.csproj", "{867BE738-7DA2-4E24-8BD1-6BBB89A99D14}"
EndProject
Project("{2150E333-8FDC-42A3-9474-1A3956D46DE8}") = "WebApp", "WebApp", "{E4B18DAF-68EA-4CD6-A9CF-1B80BE15FCAA}"
EndProject
Project("{9A19103F-16F7-4668-BE54-9A1E7A4F7556}") = "AspnetRunBasics", "WebApp\AspnetRunBasics\AspnetRunBasics.csproj", "{71C3A172-E64A-4393-9D02-E5CAD22E8949}"
EndProject
Project("{9A19103F-16F7-4668-BE54-9A1E7A4F7556}") = "Common.Logging", "BuildingBlocks\Common.Logging\Common.Logging.csproj", "{2A48371A-843C-4998-A8B0-9EF9AD57D1A4}"
EndProject
Project("{9A19103F-16F7-4668-BE54-9A1E7A4F7556}") = "WebStatus", "WebApp\WebStatus\WebStatus.csproj", "{2422EF70-C4E5-4483-BF01-FAC791CED297}"
EndProject
Project("{2150E333-8FDC-42A3-9474-1A3956D46DE8}") = "IdentityServer", "IdentityServer", "{08697A86-071F-48B7-90B4-43E24D571517}"
EndProject
Project("{FAE04EC0-301F-11D3-BF4B-00C04F79EFBC}") = "IdentityServer", "IdentityServer\IdentityServer\IdentityServer.csproj", "{3656C82D-50F7-41C4-9E5F-B2666FDBB4BC}"
EndProject
Global
	GlobalSection(SolutionConfigurationPlatforms) = preSolution
		Debug|Any CPU = Debug|Any CPU
		Release|Any CPU = Release|Any CPU
	EndGlobalSection
	GlobalSection(ProjectConfigurationPlatforms) = postSolution
		{CB418513-EE20-434B-9CE4-57502BC70D61}.Debug|Any CPU.ActiveCfg = Debug|Any CPU
		{CB418513-EE20-434B-9CE4-57502BC70D61}.Debug|Any CPU.Build.0 = Debug|Any CPU
		{CB418513-EE20-434B-9CE4-57502BC70D61}.Release|Any CPU.ActiveCfg = Release|Any CPU
		{CB418513-EE20-434B-9CE4-57502BC70D61}.Release|Any CPU.Build.0 = Release|Any CPU
		{1E8FEFFC-DDFB-4CBF-BB73-9A3DB62BD735}.Debug|Any CPU.ActiveCfg = Debug|Any CPU
		{1E8FEFFC-DDFB-4CBF-BB73-9A3DB62BD735}.Debug|Any CPU.Build.0 = Debug|Any CPU
		{1E8FEFFC-DDFB-4CBF-BB73-9A3DB62BD735}.Release|Any CPU.ActiveCfg = Release|Any CPU
		{1E8FEFFC-DDFB-4CBF-BB73-9A3DB62BD735}.Release|Any CPU.Build.0 = Release|Any CPU
		{B9F2047D-5E00-4529-9151-3C3F599E8A13}.Debug|Any CPU.ActiveCfg = Debug|Any CPU
		{B9F2047D-5E00-4529-9151-3C3F599E8A13}.Debug|Any CPU.Build.0 = Debug|Any CPU
		{B9F2047D-5E00-4529-9151-3C3F599E8A13}.Release|Any CPU.ActiveCfg = Release|Any CPU
		{B9F2047D-5E00-4529-9151-3C3F599E8A13}.Release|Any CPU.Build.0 = Release|Any CPU
		{FD9536DA-82F5-4414-918E-9AB832E0085E}.Debug|Any CPU.ActiveCfg = Debug|Any CPU
		{FD9536DA-82F5-4414-918E-9AB832E0085E}.Debug|Any CPU.Build.0 = Debug|Any CPU
		{FD9536DA-82F5-4414-918E-9AB832E0085E}.Release|Any CPU.ActiveCfg = Release|Any CPU
		{FD9536DA-82F5-4414-918E-9AB832E0085E}.Release|Any CPU.Build.0 = Release|Any CPU
		{7C4F4797-A561-4239-8A8C-0B3518FB8AD7}.Debug|Any CPU.ActiveCfg = Debug|Any CPU
		{7C4F4797-A561-4239-8A8C-0B3518FB8AD7}.Debug|Any CPU.Build.0 = Debug|Any CPU
		{7C4F4797-A561-4239-8A8C-0B3518FB8AD7}.Release|Any CPU.ActiveCfg = Release|Any CPU
		{7C4F4797-A561-4239-8A8C-0B3518FB8AD7}.Release|Any CPU.Build.0 = Release|Any CPU
		{129866F9-EF67-48CC-8B91-05E7534DFF5D}.Debug|Any CPU.ActiveCfg = Debug|Any CPU
		{129866F9-EF67-48CC-8B91-05E7534DFF5D}.Debug|Any CPU.Build.0 = Debug|Any CPU
		{129866F9-EF67-48CC-8B91-05E7534DFF5D}.Release|Any CPU.ActiveCfg = Release|Any CPU
		{129866F9-EF67-48CC-8B91-05E7534DFF5D}.Release|Any CPU.Build.0 = Release|Any CPU
		{555424F3-945A-486F-8DC3-646870E2AA47}.Debug|Any CPU.ActiveCfg = Debug|Any CPU
		{555424F3-945A-486F-8DC3-646870E2AA47}.Debug|Any CPU.Build.0 = Debug|Any CPU
		{555424F3-945A-486F-8DC3-646870E2AA47}.Release|Any CPU.ActiveCfg = Release|Any CPU
		{555424F3-945A-486F-8DC3-646870E2AA47}.Release|Any CPU.Build.0 = Release|Any CPU
		{C1C41F7E-987C-4EA8-BB77-6133E5EAB31D}.Debug|Any CPU.ActiveCfg = Debug|Any CPU
		{C1C41F7E-987C-4EA8-BB77-6133E5EAB31D}.Debug|Any CPU.Build.0 = Debug|Any CPU
		{C1C41F7E-987C-4EA8-BB77-6133E5EAB31D}.Release|Any CPU.ActiveCfg = Release|Any CPU
		{C1C41F7E-987C-4EA8-BB77-6133E5EAB31D}.Release|Any CPU.Build.0 = Release|Any CPU
		{2D0177F4-364D-4699-9B62-E2D67176AC88}.Debug|Any CPU.ActiveCfg = Debug|Any CPU
		{2D0177F4-364D-4699-9B62-E2D67176AC88}.Debug|Any CPU.Build.0 = Debug|Any CPU
		{2D0177F4-364D-4699-9B62-E2D67176AC88}.Release|Any CPU.ActiveCfg = Release|Any CPU
		{2D0177F4-364D-4699-9B62-E2D67176AC88}.Release|Any CPU.Build.0 = Release|Any CPU
		{474635B1-3145-435D-9E61-A9E370BD39BF}.Debug|Any CPU.ActiveCfg = Debug|Any CPU
		{474635B1-3145-435D-9E61-A9E370BD39BF}.Debug|Any CPU.Build.0 = Debug|Any CPU
		{474635B1-3145-435D-9E61-A9E370BD39BF}.Release|Any CPU.ActiveCfg = Release|Any CPU
		{474635B1-3145-435D-9E61-A9E370BD39BF}.Release|Any CPU.Build.0 = Release|Any CPU
		{E11028E3-69D4-409D-AD16-24176CD77CE5}.Debug|Any CPU.ActiveCfg = Debug|Any CPU
		{E11028E3-69D4-409D-AD16-24176CD77CE5}.Debug|Any CPU.Build.0 = Debug|Any CPU
		{E11028E3-69D4-409D-AD16-24176CD77CE5}.Release|Any CPU.ActiveCfg = Release|Any CPU
		{E11028E3-69D4-409D-AD16-24176CD77CE5}.Release|Any CPU.Build.0 = Release|Any CPU
		{867BE738-7DA2-4E24-8BD1-6BBB89A99D14}.Debug|Any CPU.ActiveCfg = Debug|Any CPU
		{867BE738-7DA2-4E24-8BD1-6BBB89A99D14}.Debug|Any CPU.Build.0 = Debug|Any CPU
		{867BE738-7DA2-4E24-8BD1-6BBB89A99D14}.Release|Any CPU.ActiveCfg = Release|Any CPU
		{867BE738-7DA2-4E24-8BD1-6BBB89A99D14}.Release|Any CPU.Build.0 = Release|Any CPU
		{71C3A172-E64A-4393-9D02-E5CAD22E8949}.Debug|Any CPU.ActiveCfg = Debug|Any CPU
		{71C3A172-E64A-4393-9D02-E5CAD22E8949}.Debug|Any CPU.Build.0 = Debug|Any CPU
		{71C3A172-E64A-4393-9D02-E5CAD22E8949}.Release|Any CPU.ActiveCfg = Release|Any CPU
		{71C3A172-E64A-4393-9D02-E5CAD22E8949}.Release|Any CPU.Build.0 = Release|Any CPU
		{2A48371A-843C-4998-A8B0-9EF9AD57D1A4}.Debug|Any CPU.ActiveCfg = Debug|Any CPU
		{2A48371A-843C-4998-A8B0-9EF9AD57D1A4}.Debug|Any CPU.Build.0 = Debug|Any CPU
		{2A48371A-843C-4998-A8B0-9EF9AD57D1A4}.Release|Any CPU.ActiveCfg = Release|Any CPU
		{2A48371A-843C-4998-A8B0-9EF9AD57D1A4}.Release|Any CPU.Build.0 = Release|Any CPU
		{2422EF70-C4E5-4483-BF01-FAC791CED297}.Debug|Any CPU.ActiveCfg = Debug|Any CPU
		{2422EF70-C4E5-4483-BF01-FAC791CED297}.Debug|Any CPU.Build.0 = Debug|Any CPU
		{2422EF70-C4E5-4483-BF01-FAC791CED297}.Release|Any CPU.ActiveCfg = Release|Any CPU
		{2422EF70-C4E5-4483-BF01-FAC791CED297}.Release|Any CPU.Build.0 = Release|Any CPU
		{3656C82D-50F7-41C4-9E5F-B2666FDBB4BC}.Debug|Any CPU.ActiveCfg = Debug|Any CPU
		{3656C82D-50F7-41C4-9E5F-B2666FDBB4BC}.Debug|Any CPU.Build.0 = Debug|Any CPU
		{3656C82D-50F7-41C4-9E5F-B2666FDBB4BC}.Release|Any CPU.ActiveCfg = Release|Any CPU
		{3656C82D-50F7-41C4-9E5F-B2666FDBB4BC}.Release|Any CPU.Build.0 = Release|Any CPU
	EndGlobalSection
	GlobalSection(SolutionProperties) = preSolution
		HideSolutionNode = FALSE
	EndGlobalSection
	GlobalSection(NestedProjects) = preSolution
		{A73F1D88-B11F-4798-A0D3-815355D8B476} = {88C93D6C-D977-4BF0-8D24-59108CE3E7F8}
		{CB418513-EE20-434B-9CE4-57502BC70D61} = {A73F1D88-B11F-4798-A0D3-815355D8B476}
		{4EA34BB5-A344-4149-B2EC-FB7537968968} = {0196A749-70F4-4326-BC97-D120632086CD}
		{1E8FEFFC-DDFB-4CBF-BB73-9A3DB62BD735} = {4EA34BB5-A344-4149-B2EC-FB7537968968}
		{C7A735B7-F893-435A-9C74-8F0DA8BA3669} = {563366AC-B7F0-4881-B235-29F1C1D96ADB}
		{B9F2047D-5E00-4529-9151-3C3F599E8A13} = {C7A735B7-F893-435A-9C74-8F0DA8BA3669}
		{7C4F4797-A561-4239-8A8C-0B3518FB8AD7} = {C7A735B7-F893-435A-9C74-8F0DA8BA3669}
		{129866F9-EF67-48CC-8B91-05E7534DFF5D} = {470B1BDD-3494-4D1E-8B00-9C7A0C2D421F}
		{555424F3-945A-486F-8DC3-646870E2AA47} = {470B1BDD-3494-4D1E-8B00-9C7A0C2D421F}
		{C1C41F7E-987C-4EA8-BB77-6133E5EAB31D} = {470B1BDD-3494-4D1E-8B00-9C7A0C2D421F}
		{2D0177F4-364D-4699-9B62-E2D67176AC88} = {470B1BDD-3494-4D1E-8B00-9C7A0C2D421F}
		{474635B1-3145-435D-9E61-A9E370BD39BF} = {78E37FE5-640E-4FDC-A09B-C3FE1EE897F9}
		{E11028E3-69D4-409D-AD16-24176CD77CE5} = {C4A28C90-9C07-46F1-86D5-DB286E3B8098}
		{867BE738-7DA2-4E24-8BD1-6BBB89A99D14} = {C4A28C90-9C07-46F1-86D5-DB286E3B8098}
		{71C3A172-E64A-4393-9D02-E5CAD22E8949} = {E4B18DAF-68EA-4CD6-A9CF-1B80BE15FCAA}
		{2A48371A-843C-4998-A8B0-9EF9AD57D1A4} = {78E37FE5-640E-4FDC-A09B-C3FE1EE897F9}
		{2422EF70-C4E5-4483-BF01-FAC791CED297} = {E4B18DAF-68EA-4CD6-A9CF-1B80BE15FCAA}
		{3656C82D-50F7-41C4-9E5F-B2666FDBB4BC} = {08697A86-071F-48B7-90B4-43E24D571517}
	EndGlobalSection
	GlobalSection(ExtensibilityGlobals) = postSolution
		SolutionGuid = {9C00B32F-968B-446C-A4C1-7D05111F2A47}
	EndGlobalSection
EndGlobal
