
Microsoft Visual Studio Solution File, Format Version 12.00
# Visual Studio Version 17
VisualStudioVersion = 17.2.32516.85
MinimumVisualStudioVersion = 10.0.40219.1
Project("{2150E333-8FDC-42A3-9474-1A3956D46DE8}") = "Catalog", "Catalog", "{88C93D6C-D977-4BF0-8D24-59108CE3E7F8}"
EndProject
Project("{2150E333-8FDC-42A3-9474-1A3956D46DE8}") = "src", "src", "{A73F1D88-B11F-4798-A0D3-815355D8B476}"
EndProject
Project("{9A19103F-16F7-4668-BE54-9A1E7A4F7556}") = "Catalog.API", "Catalog\src\Catalog.API\Catalog.API.csproj", "{CB418513-EE20-434B-9CE4-57502BC70D61}"
EndProject
Project("{2150E333-8FDC-42A3-9474-1A3956D46DE8}") = "Basket", "Basket", "{0196A749-70F4-4326-BC97-D120632086CD}"
EndProject
Project("{2150E333-8FDC-42A3-9474-1A3956D46DE8}") = "src", "src", "{4EA34BB5-A344-4149-B2EC-FB7537968968}"
EndProject
Project("{9A19103F-16F7-4668-BE54-9A1E7A4F7556}") = "Basket.API", "Basket\src\Basket.API\Basket.API.csproj", "{1E8FEFFC-DDFB-4CBF-BB73-9A3DB62BD735}"
EndProject
Project("{2150E333-8FDC-42A3-9474-1A3956D46DE8}") = "Discount", "Discount", "{563366AC-B7F0-4881-B235-29F1C1D96ADB}"
EndProject
Project("{2150E333-8FDC-42A3-9474-1A3956D46DE8}") = "src", "src", "{C7A735B7-F893-435A-9C74-8F0DA8BA3669}"
EndProject
Project("{9A19103F-16F7-4668-BE54-9A1E7A4F7556}") = "Discount.API", "Discount\src\Discount.API\Discount.API.csproj", "{B9F2047D-5E00-4529-9151-3C3F599E8A13}"
EndProject
Project("{E53339B2-1760-4266-BCC7-CA923CBCF16C}") = "docker-compose", "docker-compose.dcproj", "{FD9536DA-82F5-4414-918E-9AB832E0085E}"
EndProject
Project("{9A19103F-16F7-4668-BE54-9A1E7A4F7556}") = "Discount.Grpc", "Discount\src\Discount.Grpc\Discount.Grpc.csproj", "{7C4F4797-A561-4239-8A8C-0B3518FB8AD7}"
EndProject
Global
	GlobalSection(SolutionConfigurationPlatforms) = preSolution
		Debug|Any CPU = Debug|Any CPU
		Release|Any CPU = Release|Any CPU
	EndGlobalSection
	GlobalSection(ProjectConfigurationPlatforms) = postSolution
		{CB418513-EE20-434B-9CE4-57502BC70D61}.Debug|Any CPU.ActiveCfg = Debug|Any CPU
		{CB418513-EE20-434B-9CE4-57502BC70D61}.Debug|Any CPU.Build.0 = Debug|Any CPU
		{CB418513-EE20-434B-9CE4-57502BC70D61}.Release|Any CPU.ActiveCfg = Release|Any CPU
		{CB418513-EE20-434B-9CE4-57502BC70D61}.Release|Any CPU.Build.0 = Release|Any CPU
		{1E8FEFFC-DDFB-4CBF-BB73-9A3DB62BD735}.Debug|Any CPU.ActiveCfg = Debug|Any CPU
		{1E8FEFFC-DDFB-4CBF-BB73-9A3DB62BD735}.Debug|Any CPU.Build.0 = Debug|Any CPU
		{1E8FEFFC-DDFB-4CBF-BB73-9A3DB62BD735}.Release|Any CPU.ActiveCfg = Release|Any CPU
		{1E8FEFFC-DDFB-4CBF-BB73-9A3DB62BD735}.Release|Any CPU.Build.0 = Release|Any CPU
		{B9F2047D-5E00-4529-9151-3C3F599E8A13}.Debug|Any CPU.ActiveCfg = Debug|Any CPU
		{B9F2047D-5E00-4529-9151-3C3F599E8A13}.Debug|Any CPU.Build.0 = Debug|Any CPU
		{B9F2047D-5E00-4529-9151-3C3F599E8A13}.Release|Any CPU.ActiveCfg = Release|Any CPU
		{B9F2047D-5E00-4529-9151-3C3F599E8A13}.Release|Any CPU.Build.0 = Release|Any CPU
		{FD9536DA-82F5-4414-918E-9AB832E0085E}.Debug|Any CPU.ActiveCfg = Debug|Any CPU
		{FD9536DA-82F5-4414-918E-9AB832E0085E}.Debug|Any CPU.Build.0 = Debug|Any CPU
		{FD9536DA-82F5-4414-918E-9AB832E0085E}.Release|Any CPU.ActiveCfg = Release|Any CPU
		{FD9536DA-82F5-4414-918E-9AB832E0085E}.Release|Any CPU.Build.0 = Release|Any CPU
		{7C4F4797-A561-4239-8A8C-0B3518FB8AD7}.Debug|Any CPU.ActiveCfg = Debug|Any CPU
		{7C4F4797-A561-4239-8A8C-0B3518FB8AD7}.Debug|Any CPU.Build.0 = Debug|Any CPU
		{7C4F4797-A561-4239-8A8C-0B3518FB8AD7}.Release|Any CPU.ActiveCfg = Release|Any CPU
		{7C4F4797-A561-4239-8A8C-0B3518FB8AD7}.Release|Any CPU.Build.0 = Release|Any CPU
	EndGlobalSection
	GlobalSection(SolutionProperties) = preSolution
		HideSolutionNode = FALSE
	EndGlobalSection
	GlobalSection(NestedProjects) = preSolution
		{A73F1D88-B11F-4798-A0D3-815355D8B476} = {88C93D6C-D977-4BF0-8D24-59108CE3E7F8}
		{CB418513-EE20-434B-9CE4-57502BC70D61} = {A73F1D88-B11F-4798-A0D3-815355D8B476}
		{4EA34BB5-A344-4149-B2EC-FB7537968968} = {0196A749-70F4-4326-BC97-D120632086CD}
		{1E8FEFFC-DDFB-4CBF-BB73-9A3DB62BD735} = {4EA34BB5-A344-4149-B2EC-FB7537968968}
		{C7A735B7-F893-435A-9C74-8F0DA8BA3669} = {563366AC-B7F0-4881-B235-29F1C1D96ADB}
		{B9F2047D-5E00-4529-9151-3C3F599E8A13} = {C7A735B7-F893-435A-9C74-8F0DA8BA3669}
		{7C4F4797-A561-4239-8A8C-0B3518FB8AD7} = {C7A735B7-F893-435A-9C74-8F0DA8BA3669}
	EndGlobalSection
	GlobalSection(ExtensibilityGlobals) = postSolution
		SolutionGuid = {9C00B32F-968B-446C-A4C1-7D05111F2A47}
	EndGlobalSection
EndGlobal
